
Microsoft Visual Studio Solution File, Format Version 12.00
# Visual Studio 15
VisualStudioVersion = 15.0.27428.2043
MinimumVisualStudioVersion = 10.0.40219.1
Project("{8BC9CEB8-8B4A-11D0-8D11-00A0C91BC942}") = "2387 Til the Cows Come Home", "2387 Til the Cows Come Home\2387 Til the Cows Come Home.vcxproj", "{10BB1C11-A5E6-4641-98EB-7EB178B63486}"
EndProject
Global
	GlobalSection(SolutionConfigurationPlatforms) = preSolution
		Debug|x64 = Debug|x64
		Debug|x86 = Debug|x86
		Release|x64 = Release|x64
		Release|x86 = Release|x86
	EndGlobalSection
	GlobalSection(ProjectConfigurationPlatforms) = postSolution
		{10BB1C11-A5E6-4641-98EB-7EB178B63486}.Debug|x64.ActiveCfg = Debug|x64
		{10BB1C11-A5E6-4641-98EB-7EB178B63486}.Debug|x64.Build.0 = Debug|x64
		{10BB1C11-A5E6-4641-98EB-7EB178B63486}.Debug|x86.ActiveCfg = Debug|Win32
		{10BB1C11-A5E6-4641-98EB-7EB178B63486}.Debug|x86.Build.0 = Debug|Win32
		{10BB1C11-A5E6-4641-98EB-7EB178B63486}.Release|x64.ActiveCfg = Release|x64
		{10BB1C11-A5E6-4641-98EB-7EB178B63486}.Release|x64.Build.0 = Release|x64
		{10BB1C11-A5E6-4641-98EB-7EB178B63486}.Release|x86.ActiveCfg = Release|Win32
		{10BB1C11-A5E6-4641-98EB-7EB178B63486}.Release|x86.Build.0 = Release|Win32
	EndGlobalSection
	GlobalSection(SolutionProperties) = preSolution
		HideSolutionNode = FALSE
	EndGlobalSection
	GlobalSection(ExtensibilityGlobals) = postSolution
		SolutionGuid = {FD6FEECB-6900-4151-9498-2A311C314EBC}
	EndGlobalSection
EndGlobal
