
Microsoft Visual Studio Solution File, Format Version 12.00
# Visual Studio 15
VisualStudioVersion = 15.0.27428.2043
MinimumVisualStudioVersion = 10.0.40219.1
Project("{8BC9CEB8-8B4A-11D0-8D11-00A0C91BC942}") = "2728 Desert_King", "2728 Desert_King\2728 Desert_King.vcxproj", "{A3D40D49-BA45-4F55-9C7E-B36BF383F700}"
EndProject
Global
	GlobalSection(SolutionConfigurationPlatforms) = preSolution
		Debug|x64 = Debug|x64
		Debug|x86 = Debug|x86
		Release|x64 = Release|x64
		Release|x86 = Release|x86
	EndGlobalSection
	GlobalSection(ProjectConfigurationPlatforms) = postSolution
		{A3D40D49-BA45-4F55-9C7E-B36BF383F700}.Debug|x64.ActiveCfg = Debug|x64
		{A3D40D49-BA45-4F55-9C7E-B36BF383F700}.Debug|x64.Build.0 = Debug|x64
		{A3D40D49-BA45-4F55-9C7E-B36BF383F700}.Debug|x86.ActiveCfg = Debug|Win32
		{A3D40D49-BA45-4F55-9C7E-B36BF383F700}.Debug|x86.Build.0 = Debug|Win32
		{A3D40D49-BA45-4F55-9C7E-B36BF383F700}.Release|x64.ActiveCfg = Release|x64
		{A3D40D49-BA45-4F55-9C7E-B36BF383F700}.Release|x64.Build.0 = Release|x64
		{A3D40D49-BA45-4F55-9C7E-B36BF383F700}.Release|x86.ActiveCfg = Release|Win32
		{A3D40D49-BA45-4F55-9C7E-B36BF383F700}.Release|x86.Build.0 = Release|Win32
	EndGlobalSection
	GlobalSection(SolutionProperties) = preSolution
		HideSolutionNode = FALSE
	EndGlobalSection
	GlobalSection(ExtensibilityGlobals) = postSolution
		SolutionGuid = {DC32ABBD-99C1-43FF-8462-003728211BB9}
	EndGlobalSection
EndGlobal
