
Microsoft Visual Studio Solution File, Format Version 12.00
# Visual Studio 15
VisualStudioVersion = 15.0.27428.2043
MinimumVisualStudioVersion = 10.0.40219.1
Project("{8BC9CEB8-8B4A-11D0-8D11-00A0C91BC942}") = "1207 The_3n+1_problem", "1207 The_3n+1_problem\1207 The_3n+1_problem.vcxproj", "{7EEC6557-355A-423B-9755-32B3A2BEA494}"
EndProject
Global
	GlobalSection(SolutionConfigurationPlatforms) = preSolution
		Debug|x64 = Debug|x64
		Debug|x86 = Debug|x86
		Release|x64 = Release|x64
		Release|x86 = Release|x86
	EndGlobalSection
	GlobalSection(ProjectConfigurationPlatforms) = postSolution
		{7EEC6557-355A-423B-9755-32B3A2BEA494}.Debug|x64.ActiveCfg = Debug|x64
		{7EEC6557-355A-423B-9755-32B3A2BEA494}.Debug|x64.Build.0 = Debug|x64
		{7EEC6557-355A-423B-9755-32B3A2BEA494}.Debug|x86.ActiveCfg = Debug|Win32
		{7EEC6557-355A-423B-9755-32B3A2BEA494}.Debug|x86.Build.0 = Debug|Win32
		{7EEC6557-355A-423B-9755-32B3A2BEA494}.Release|x64.ActiveCfg = Release|x64
		{7EEC6557-355A-423B-9755-32B3A2BEA494}.Release|x64.Build.0 = Release|x64
		{7EEC6557-355A-423B-9755-32B3A2BEA494}.Release|x86.ActiveCfg = Release|Win32
		{7EEC6557-355A-423B-9755-32B3A2BEA494}.Release|x86.Build.0 = Release|Win32
	EndGlobalSection
	GlobalSection(SolutionProperties) = preSolution
		HideSolutionNode = FALSE
	EndGlobalSection
	GlobalSection(ExtensibilityGlobals) = postSolution
		SolutionGuid = {F1D5FF45-663A-4B79-BB08-2BA7020C2C60}
	EndGlobalSection
EndGlobal
