
Microsoft Visual Studio Solution File, Format Version 12.00
# Visual Studio 15
VisualStudioVersion = 15.0.27428.2043
MinimumVisualStudioVersion = 10.0.40219.1
Project("{8BC9CEB8-8B4A-11D0-8D11-00A0C91BC942}") = "2016EXAM_D_Agri-Net", "2016EXAM_D_Agri-Net\2016EXAM_D_Agri-Net.vcxproj", "{350D95BF-8B65-4A1F-8096-69C9ED4A5B0F}"
EndProject
Global
	GlobalSection(SolutionConfigurationPlatforms) = preSolution
		Debug|x64 = Debug|x64
		Debug|x86 = Debug|x86
		Release|x64 = Release|x64
		Release|x86 = Release|x86
	EndGlobalSection
	GlobalSection(ProjectConfigurationPlatforms) = postSolution
		{350D95BF-8B65-4A1F-8096-69C9ED4A5B0F}.Debug|x64.ActiveCfg = Debug|x64
		{350D95BF-8B65-4A1F-8096-69C9ED4A5B0F}.Debug|x64.Build.0 = Debug|x64
		{350D95BF-8B65-4A1F-8096-69C9ED4A5B0F}.Debug|x86.ActiveCfg = Debug|Win32
		{350D95BF-8B65-4A1F-8096-69C9ED4A5B0F}.Debug|x86.Build.0 = Debug|Win32
		{350D95BF-8B65-4A1F-8096-69C9ED4A5B0F}.Release|x64.ActiveCfg = Release|x64
		{350D95BF-8B65-4A1F-8096-69C9ED4A5B0F}.Release|x64.Build.0 = Release|x64
		{350D95BF-8B65-4A1F-8096-69C9ED4A5B0F}.Release|x86.ActiveCfg = Release|Win32
		{350D95BF-8B65-4A1F-8096-69C9ED4A5B0F}.Release|x86.Build.0 = Release|Win32
	EndGlobalSection
	GlobalSection(SolutionProperties) = preSolution
		HideSolutionNode = FALSE
	EndGlobalSection
	GlobalSection(ExtensibilityGlobals) = postSolution
		SolutionGuid = {F641E5E6-615F-4A3B-BA60-8C9FB3369018}
	EndGlobalSection
EndGlobal
