
Microsoft Visual Studio Solution File, Format Version 12.00
# Visual Studio 15
VisualStudioVersion = 15.0.27428.2043
MinimumVisualStudioVersion = 10.0.40219.1
Project("{8BC9CEB8-8B4A-11D0-8D11-00A0C91BC942}") = "2014ex1_3 Mayors_posters", "2014ex1_3 Mayors_posters\2014ex1_3 Mayors_posters.vcxproj", "{5383B2DC-51D2-456E-A1CB-2B405DB62F0C}"
EndProject
Global
	GlobalSection(SolutionConfigurationPlatforms) = preSolution
		Debug|x64 = Debug|x64
		Debug|x86 = Debug|x86
		Release|x64 = Release|x64
		Release|x86 = Release|x86
	EndGlobalSection
	GlobalSection(ProjectConfigurationPlatforms) = postSolution
		{5383B2DC-51D2-456E-A1CB-2B405DB62F0C}.Debug|x64.ActiveCfg = Debug|x64
		{5383B2DC-51D2-456E-A1CB-2B405DB62F0C}.Debug|x64.Build.0 = Debug|x64
		{5383B2DC-51D2-456E-A1CB-2B405DB62F0C}.Debug|x86.ActiveCfg = Debug|Win32
		{5383B2DC-51D2-456E-A1CB-2B405DB62F0C}.Debug|x86.Build.0 = Debug|Win32
		{5383B2DC-51D2-456E-A1CB-2B405DB62F0C}.Release|x64.ActiveCfg = Release|x64
		{5383B2DC-51D2-456E-A1CB-2B405DB62F0C}.Release|x64.Build.0 = Release|x64
		{5383B2DC-51D2-456E-A1CB-2B405DB62F0C}.Release|x86.ActiveCfg = Release|Win32
		{5383B2DC-51D2-456E-A1CB-2B405DB62F0C}.Release|x86.Build.0 = Release|Win32
	EndGlobalSection
	GlobalSection(SolutionProperties) = preSolution
		HideSolutionNode = FALSE
	EndGlobalSection
	GlobalSection(ExtensibilityGlobals) = postSolution
		SolutionGuid = {11BB7424-11E4-4B1C-8242-40DC1B1082D0}
	EndGlobalSection
EndGlobal
