
Microsoft Visual Studio Solution File, Format Version 12.00
# Visual Studio 15
VisualStudioVersion = 15.0.27428.2043
MinimumVisualStudioVersion = 10.0.40219.1
Project("{8BC9CEB8-8B4A-11D0-8D11-00A0C91BC942}") = "2017HW1_F_2的幂次方表示", "2017HW1_F_2的幂次方表示\2017HW1_F_2的幂次方表示.vcxproj", "{75948B6F-CA39-4C54-B02E-2987CF5239BC}"
EndProject
Global
	GlobalSection(SolutionConfigurationPlatforms) = preSolution
		Debug|x64 = Debug|x64
		Debug|x86 = Debug|x86
		Release|x64 = Release|x64
		Release|x86 = Release|x86
	EndGlobalSection
	GlobalSection(ProjectConfigurationPlatforms) = postSolution
		{75948B6F-CA39-4C54-B02E-2987CF5239BC}.Debug|x64.ActiveCfg = Debug|x64
		{75948B6F-CA39-4C54-B02E-2987CF5239BC}.Debug|x64.Build.0 = Debug|x64
		{75948B6F-CA39-4C54-B02E-2987CF5239BC}.Debug|x86.ActiveCfg = Debug|Win32
		{75948B6F-CA39-4C54-B02E-2987CF5239BC}.Debug|x86.Build.0 = Debug|Win32
		{75948B6F-CA39-4C54-B02E-2987CF5239BC}.Release|x64.ActiveCfg = Release|x64
		{75948B6F-CA39-4C54-B02E-2987CF5239BC}.Release|x64.Build.0 = Release|x64
		{75948B6F-CA39-4C54-B02E-2987CF5239BC}.Release|x86.ActiveCfg = Release|Win32
		{75948B6F-CA39-4C54-B02E-2987CF5239BC}.Release|x86.Build.0 = Release|Win32
	EndGlobalSection
	GlobalSection(SolutionProperties) = preSolution
		HideSolutionNode = FALSE
	EndGlobalSection
	GlobalSection(ExtensibilityGlobals) = postSolution
		SolutionGuid = {27B47A5E-ACA3-4AA7-BC9E-A78CA3FB1ED8}
	EndGlobalSection
EndGlobal
