
Microsoft Visual Studio Solution File, Format Version 12.00
# Visual Studio 15
VisualStudioVersion = 15.0.27428.2043
MinimumVisualStudioVersion = 10.0.40219.1
Project("{8BC9CEB8-8B4A-11D0-8D11-00A0C91BC942}") = "HW1_E", "HW1_E\HW1_E.vcxproj", "{B4BA683D-5EA9-4526-BD0C-031555C15BE9}"
EndProject
Global
	GlobalSection(SolutionConfigurationPlatforms) = preSolution
		Debug|x64 = Debug|x64
		Debug|x86 = Debug|x86
		Release|x64 = Release|x64
		Release|x86 = Release|x86
	EndGlobalSection
	GlobalSection(ProjectConfigurationPlatforms) = postSolution
		{B4BA683D-5EA9-4526-BD0C-031555C15BE9}.Debug|x64.ActiveCfg = Debug|x64
		{B4BA683D-5EA9-4526-BD0C-031555C15BE9}.Debug|x64.Build.0 = Debug|x64
		{B4BA683D-5EA9-4526-BD0C-031555C15BE9}.Debug|x86.ActiveCfg = Debug|Win32
		{B4BA683D-5EA9-4526-BD0C-031555C15BE9}.Debug|x86.Build.0 = Debug|Win32
		{B4BA683D-5EA9-4526-BD0C-031555C15BE9}.Release|x64.ActiveCfg = Release|x64
		{B4BA683D-5EA9-4526-BD0C-031555C15BE9}.Release|x64.Build.0 = Release|x64
		{B4BA683D-5EA9-4526-BD0C-031555C15BE9}.Release|x86.ActiveCfg = Release|Win32
		{B4BA683D-5EA9-4526-BD0C-031555C15BE9}.Release|x86.Build.0 = Release|Win32
	EndGlobalSection
	GlobalSection(SolutionProperties) = preSolution
		HideSolutionNode = FALSE
	EndGlobalSection
	GlobalSection(ExtensibilityGlobals) = postSolution
		SolutionGuid = {3A51F652-4915-4845-927C-52CC27D2444E}
	EndGlobalSection
EndGlobal
