
Microsoft Visual Studio Solution File, Format Version 12.00
# Visual Studio 15
VisualStudioVersion = 15.0.27428.2043
MinimumVisualStudioVersion = 10.0.40219.1
Project("{8BC9CEB8-8B4A-11D0-8D11-00A0C91BC942}") = "1861 Network", "1861 Network\1861 Network.vcxproj", "{BD36C826-D640-4FDE-8790-C52CBBBA32F6}"
EndProject
Global
	GlobalSection(SolutionConfigurationPlatforms) = preSolution
		Debug|x64 = Debug|x64
		Debug|x86 = Debug|x86
		Release|x64 = Release|x64
		Release|x86 = Release|x86
	EndGlobalSection
	GlobalSection(ProjectConfigurationPlatforms) = postSolution
		{BD36C826-D640-4FDE-8790-C52CBBBA32F6}.Debug|x64.ActiveCfg = Debug|x64
		{BD36C826-D640-4FDE-8790-C52CBBBA32F6}.Debug|x64.Build.0 = Debug|x64
		{BD36C826-D640-4FDE-8790-C52CBBBA32F6}.Debug|x86.ActiveCfg = Debug|Win32
		{BD36C826-D640-4FDE-8790-C52CBBBA32F6}.Debug|x86.Build.0 = Debug|Win32
		{BD36C826-D640-4FDE-8790-C52CBBBA32F6}.Release|x64.ActiveCfg = Release|x64
		{BD36C826-D640-4FDE-8790-C52CBBBA32F6}.Release|x64.Build.0 = Release|x64
		{BD36C826-D640-4FDE-8790-C52CBBBA32F6}.Release|x86.ActiveCfg = Release|Win32
		{BD36C826-D640-4FDE-8790-C52CBBBA32F6}.Release|x86.Build.0 = Release|Win32
	EndGlobalSection
	GlobalSection(SolutionProperties) = preSolution
		HideSolutionNode = FALSE
	EndGlobalSection
	GlobalSection(ExtensibilityGlobals) = postSolution
		SolutionGuid = {52FB78D8-55F0-4034-930B-81CFFBAA282C}
	EndGlobalSection
EndGlobal
