
Microsoft Visual Studio Solution File, Format Version 12.00
# Visual Studio 15
VisualStudioVersion = 15.0.27428.2043
MinimumVisualStudioVersion = 10.0.40219.1
Project("{8BC9CEB8-8B4A-11D0-8D11-00A0C91BC942}") = "2017HW4_D_The Perfect Stall", "2017HW4_D_The Perfect Stall\2017HW4_D_The Perfect Stall.vcxproj", "{824CE5A3-3D94-4FC3-9D24-4708CF3630FC}"
EndProject
Global
	GlobalSection(SolutionConfigurationPlatforms) = preSolution
		Debug|x64 = Debug|x64
		Debug|x86 = Debug|x86
		Release|x64 = Release|x64
		Release|x86 = Release|x86
	EndGlobalSection
	GlobalSection(ProjectConfigurationPlatforms) = postSolution
		{824CE5A3-3D94-4FC3-9D24-4708CF3630FC}.Debug|x64.ActiveCfg = Debug|x64
		{824CE5A3-3D94-4FC3-9D24-4708CF3630FC}.Debug|x64.Build.0 = Debug|x64
		{824CE5A3-3D94-4FC3-9D24-4708CF3630FC}.Debug|x86.ActiveCfg = Debug|Win32
		{824CE5A3-3D94-4FC3-9D24-4708CF3630FC}.Debug|x86.Build.0 = Debug|Win32
		{824CE5A3-3D94-4FC3-9D24-4708CF3630FC}.Release|x64.ActiveCfg = Release|x64
		{824CE5A3-3D94-4FC3-9D24-4708CF3630FC}.Release|x64.Build.0 = Release|x64
		{824CE5A3-3D94-4FC3-9D24-4708CF3630FC}.Release|x86.ActiveCfg = Release|Win32
		{824CE5A3-3D94-4FC3-9D24-4708CF3630FC}.Release|x86.Build.0 = Release|Win32
	EndGlobalSection
	GlobalSection(SolutionProperties) = preSolution
		HideSolutionNode = FALSE
	EndGlobalSection
	GlobalSection(ExtensibilityGlobals) = postSolution
		SolutionGuid = {5A55B8EE-870C-44E0-A99E-E380BE42F688}
	EndGlobalSection
EndGlobal
