
Microsoft Visual Studio Solution File, Format Version 12.00
# Visual Studio 15
VisualStudioVersion = 15.0.27428.2043
MinimumVisualStudioVersion = 10.0.40219.1
Project("{8BC9CEB8-8B4A-11D0-8D11-00A0C91BC942}") = "2528 Mayors_posters", "2528 Mayors_posters\2528 Mayors_posters.vcxproj", "{E9520DEA-C936-45BA-A108-42E6DC229EC1}"
EndProject
Global
	GlobalSection(SolutionConfigurationPlatforms) = preSolution
		Debug|x64 = Debug|x64
		Debug|x86 = Debug|x86
		Release|x64 = Release|x64
		Release|x86 = Release|x86
	EndGlobalSection
	GlobalSection(ProjectConfigurationPlatforms) = postSolution
		{E9520DEA-C936-45BA-A108-42E6DC229EC1}.Debug|x64.ActiveCfg = Debug|x64
		{E9520DEA-C936-45BA-A108-42E6DC229EC1}.Debug|x64.Build.0 = Debug|x64
		{E9520DEA-C936-45BA-A108-42E6DC229EC1}.Debug|x86.ActiveCfg = Debug|Win32
		{E9520DEA-C936-45BA-A108-42E6DC229EC1}.Debug|x86.Build.0 = Debug|Win32
		{E9520DEA-C936-45BA-A108-42E6DC229EC1}.Release|x64.ActiveCfg = Release|x64
		{E9520DEA-C936-45BA-A108-42E6DC229EC1}.Release|x64.Build.0 = Release|x64
		{E9520DEA-C936-45BA-A108-42E6DC229EC1}.Release|x86.ActiveCfg = Release|Win32
		{E9520DEA-C936-45BA-A108-42E6DC229EC1}.Release|x86.Build.0 = Release|Win32
	EndGlobalSection
	GlobalSection(SolutionProperties) = preSolution
		HideSolutionNode = FALSE
	EndGlobalSection
	GlobalSection(ExtensibilityGlobals) = postSolution
		SolutionGuid = {767BD83E-EBA8-4C75-AC9F-C5BE9F692097}
	EndGlobalSection
EndGlobal
