
Microsoft Visual Studio Solution File, Format Version 12.00
# Visual Studio 15
VisualStudioVersion = 15.0.27428.2043
MinimumVisualStudioVersion = 10.0.40219.1
Project("{8BC9CEB8-8B4A-11D0-8D11-00A0C91BC942}") = "2524 Ubiquitous_Religions", "2524 Ubiquitous_Religions\2524 Ubiquitous_Religions.vcxproj", "{15CD0450-2718-41F4-BD90-E17514994C65}"
EndProject
Global
	GlobalSection(SolutionConfigurationPlatforms) = preSolution
		Debug|x64 = Debug|x64
		Debug|x86 = Debug|x86
		Release|x64 = Release|x64
		Release|x86 = Release|x86
	EndGlobalSection
	GlobalSection(ProjectConfigurationPlatforms) = postSolution
		{15CD0450-2718-41F4-BD90-E17514994C65}.Debug|x64.ActiveCfg = Debug|x64
		{15CD0450-2718-41F4-BD90-E17514994C65}.Debug|x64.Build.0 = Debug|x64
		{15CD0450-2718-41F4-BD90-E17514994C65}.Debug|x86.ActiveCfg = Debug|Win32
		{15CD0450-2718-41F4-BD90-E17514994C65}.Debug|x86.Build.0 = Debug|Win32
		{15CD0450-2718-41F4-BD90-E17514994C65}.Release|x64.ActiveCfg = Release|x64
		{15CD0450-2718-41F4-BD90-E17514994C65}.Release|x64.Build.0 = Release|x64
		{15CD0450-2718-41F4-BD90-E17514994C65}.Release|x86.ActiveCfg = Release|Win32
		{15CD0450-2718-41F4-BD90-E17514994C65}.Release|x86.Build.0 = Release|Win32
	EndGlobalSection
	GlobalSection(SolutionProperties) = preSolution
		HideSolutionNode = FALSE
	EndGlobalSection
	GlobalSection(ExtensibilityGlobals) = postSolution
		SolutionGuid = {6F358455-85FF-452A-A172-C1466AA4E521}
	EndGlobalSection
EndGlobal
