
Microsoft Visual Studio Solution File, Format Version 12.00
# Visual Studio 15
VisualStudioVersion = 15.0.27428.2043
MinimumVisualStudioVersion = 10.0.40219.1
Project("{8BC9CEB8-8B4A-11D0-8D11-00A0C91BC942}") = "2516 Minimum_Cost", "2516 Minimum_Cost\2516 Minimum_Cost.vcxproj", "{6DDE95DE-9D96-4A77-AE9C-92C3E99BFDBA}"
EndProject
Global
	GlobalSection(SolutionConfigurationPlatforms) = preSolution
		Debug|x64 = Debug|x64
		Debug|x86 = Debug|x86
		Release|x64 = Release|x64
		Release|x86 = Release|x86
	EndGlobalSection
	GlobalSection(ProjectConfigurationPlatforms) = postSolution
		{6DDE95DE-9D96-4A77-AE9C-92C3E99BFDBA}.Debug|x64.ActiveCfg = Debug|x64
		{6DDE95DE-9D96-4A77-AE9C-92C3E99BFDBA}.Debug|x64.Build.0 = Debug|x64
		{6DDE95DE-9D96-4A77-AE9C-92C3E99BFDBA}.Debug|x86.ActiveCfg = Debug|Win32
		{6DDE95DE-9D96-4A77-AE9C-92C3E99BFDBA}.Debug|x86.Build.0 = Debug|Win32
		{6DDE95DE-9D96-4A77-AE9C-92C3E99BFDBA}.Release|x64.ActiveCfg = Release|x64
		{6DDE95DE-9D96-4A77-AE9C-92C3E99BFDBA}.Release|x64.Build.0 = Release|x64
		{6DDE95DE-9D96-4A77-AE9C-92C3E99BFDBA}.Release|x86.ActiveCfg = Release|Win32
		{6DDE95DE-9D96-4A77-AE9C-92C3E99BFDBA}.Release|x86.Build.0 = Release|Win32
	EndGlobalSection
	GlobalSection(SolutionProperties) = preSolution
		HideSolutionNode = FALSE
	EndGlobalSection
	GlobalSection(ExtensibilityGlobals) = postSolution
		SolutionGuid = {D029A853-2BD9-4BA9-AD1B-71877469F01E}
	EndGlobalSection
EndGlobal
