
Microsoft Visual Studio Solution File, Format Version 12.00
# Visual Studio 15
VisualStudioVersion = 15.0.27428.2043
MinimumVisualStudioVersion = 10.0.40219.1
Project("{8BC9CEB8-8B4A-11D0-8D11-00A0C91BC942}") = "2016EXAM_F_Radar Installation", "2016EXAM_F_Radar Installation\2016EXAM_F_Radar Installation.vcxproj", "{F7F2B5BD-53A6-463A-AC2A-F7D3DED3CB83}"
EndProject
Global
	GlobalSection(SolutionConfigurationPlatforms) = preSolution
		Debug|x64 = Debug|x64
		Debug|x86 = Debug|x86
		Release|x64 = Release|x64
		Release|x86 = Release|x86
	EndGlobalSection
	GlobalSection(ProjectConfigurationPlatforms) = postSolution
		{F7F2B5BD-53A6-463A-AC2A-F7D3DED3CB83}.Debug|x64.ActiveCfg = Debug|x64
		{F7F2B5BD-53A6-463A-AC2A-F7D3DED3CB83}.Debug|x64.Build.0 = Debug|x64
		{F7F2B5BD-53A6-463A-AC2A-F7D3DED3CB83}.Debug|x86.ActiveCfg = Debug|Win32
		{F7F2B5BD-53A6-463A-AC2A-F7D3DED3CB83}.Debug|x86.Build.0 = Debug|Win32
		{F7F2B5BD-53A6-463A-AC2A-F7D3DED3CB83}.Release|x64.ActiveCfg = Release|x64
		{F7F2B5BD-53A6-463A-AC2A-F7D3DED3CB83}.Release|x64.Build.0 = Release|x64
		{F7F2B5BD-53A6-463A-AC2A-F7D3DED3CB83}.Release|x86.ActiveCfg = Release|Win32
		{F7F2B5BD-53A6-463A-AC2A-F7D3DED3CB83}.Release|x86.Build.0 = Release|Win32
	EndGlobalSection
	GlobalSection(SolutionProperties) = preSolution
		HideSolutionNode = FALSE
	EndGlobalSection
	GlobalSection(ExtensibilityGlobals) = postSolution
		SolutionGuid = {114E2827-57CF-46A6-A74B-4717C7BDF1CA}
	EndGlobalSection
EndGlobal
